
Microsoft Visual Studio Solution File, Format Version 12.00
# Visual Studio Version 16
VisualStudioVersion = 16.0.31515.178
MinimumVisualStudioVersion = 10.0.40219.1
Project("{FAE04EC0-301F-11D3-BF4B-00C04F79EFBC}") = "cyberdropDownloader", "cyberdropDownloader\cyberdropDownloader.csproj", "{1F6A8A0E-9AA8-4E46-814F-3634D794A446}"
EndProject
Project("{9A19103F-16F7-4668-BE54-9A1E7A4F7556}") = "CyClientTests", "CyScraperTests\CyClientTests.csproj", "{C0CBC3CD-59E0-4854-82A7-86E06CF9DF7A}"
EndProject
Project("{9A19103F-16F7-4668-BE54-9A1E7A4F7556}") = "CyberdropDownloader.Avalonia", "CyberdropDownloader.Avalonia\CyberdropDownloader.Avalonia.csproj", "{73135677-C64E-419A-BAE1-21FFD415C320}"
EndProject
Project("{FAE04EC0-301F-11D3-BF4B-00C04F79EFBC}") = "CyberdropDownloader.Core", "CyberdropDownloader.Core\CyberdropDownloader.Core.csproj", "{F052435A-8793-4F04-A590-3589BC8F04B9}"
EndProject
Global
	GlobalSection(SolutionConfigurationPlatforms) = preSolution
		Debug|Any CPU = Debug|Any CPU
		Release|Any CPU = Release|Any CPU
	EndGlobalSection
	GlobalSection(ProjectConfigurationPlatforms) = postSolution
		{1F6A8A0E-9AA8-4E46-814F-3634D794A446}.Debug|Any CPU.ActiveCfg = Debug|Any CPU
		{1F6A8A0E-9AA8-4E46-814F-3634D794A446}.Debug|Any CPU.Build.0 = Debug|Any CPU
		{1F6A8A0E-9AA8-4E46-814F-3634D794A446}.Release|Any CPU.ActiveCfg = Release|Any CPU
		{1F6A8A0E-9AA8-4E46-814F-3634D794A446}.Release|Any CPU.Build.0 = Release|Any CPU
		{C0CBC3CD-59E0-4854-82A7-86E06CF9DF7A}.Debug|Any CPU.ActiveCfg = Debug|Any CPU
		{C0CBC3CD-59E0-4854-82A7-86E06CF9DF7A}.Debug|Any CPU.Build.0 = Debug|Any CPU
		{C0CBC3CD-59E0-4854-82A7-86E06CF9DF7A}.Release|Any CPU.ActiveCfg = Release|Any CPU
		{C0CBC3CD-59E0-4854-82A7-86E06CF9DF7A}.Release|Any CPU.Build.0 = Release|Any CPU
		{73135677-C64E-419A-BAE1-21FFD415C320}.Debug|Any CPU.ActiveCfg = Debug|Any CPU
		{73135677-C64E-419A-BAE1-21FFD415C320}.Debug|Any CPU.Build.0 = Debug|Any CPU
		{73135677-C64E-419A-BAE1-21FFD415C320}.Release|Any CPU.ActiveCfg = Release|Any CPU
		{73135677-C64E-419A-BAE1-21FFD415C320}.Release|Any CPU.Build.0 = Release|Any CPU
		{F052435A-8793-4F04-A590-3589BC8F04B9}.Debug|Any CPU.ActiveCfg = Debug|Any CPU
		{F052435A-8793-4F04-A590-3589BC8F04B9}.Debug|Any CPU.Build.0 = Debug|Any CPU
		{F052435A-8793-4F04-A590-3589BC8F04B9}.Release|Any CPU.ActiveCfg = Release|Any CPU
		{F052435A-8793-4F04-A590-3589BC8F04B9}.Release|Any CPU.Build.0 = Release|Any CPU
	EndGlobalSection
	GlobalSection(SolutionProperties) = preSolution
		HideSolutionNode = FALSE
	EndGlobalSection
	GlobalSection(ExtensibilityGlobals) = postSolution
		SolutionGuid = {CAB8AAB2-FBD5-4BD5-8488-CB6E2D223829}
	EndGlobalSection
EndGlobal
