
Microsoft Visual Studio Solution File, Format Version 12.00
# Visual Studio Version 16
VisualStudioVersion = 16.0.31515.178
MinimumVisualStudioVersion = 10.0.40219.1
Project("{9A19103F-16F7-4668-BE54-9A1E7A4F7556}") = "CyberdropDownloader.Avalonia", "CyberdropDownloader.Avalonia\CyberdropDownloader.Avalonia.csproj", "{73135677-C64E-419A-BAE1-21FFD415C320}"
EndProject
Project("{9A19103F-16F7-4668-BE54-9A1E7A4F7556}") = "CyberdropDownloader.Core", "CyberdropDownloader.Core\CyberdropDownloader.Core.csproj", "{F052435A-8793-4F04-A590-3589BC8F04B9}"
EndProject
Project("{9A19103F-16F7-4668-BE54-9A1E7A4F7556}") = "CyberdropDownloader.Tests", "CyberdropDownloader.Tests\CyberdropDownloader.Tests.csproj", "{6CB73075-E086-44D7-B00E-53F8965730A3}"
EndProject
Global
	GlobalSection(SolutionConfigurationPlatforms) = preSolution
		Debug|Any CPU = Debug|Any CPU
		Release|Any CPU = Release|Any CPU
	EndGlobalSection
	GlobalSection(ProjectConfigurationPlatforms) = postSolution
		{73135677-C64E-419A-BAE1-21FFD415C320}.Debug|Any CPU.ActiveCfg = Debug|Any CPU
		{73135677-C64E-419A-BAE1-21FFD415C320}.Debug|Any CPU.Build.0 = Debug|Any CPU
		{73135677-C64E-419A-BAE1-21FFD415C320}.Release|Any CPU.ActiveCfg = Release|Any CPU
		{73135677-C64E-419A-BAE1-21FFD415C320}.Release|Any CPU.Build.0 = Release|Any CPU
		{F052435A-8793-4F04-A590-3589BC8F04B9}.Debug|Any CPU.ActiveCfg = Debug|Any CPU
		{F052435A-8793-4F04-A590-3589BC8F04B9}.Debug|Any CPU.Build.0 = Debug|Any CPU
		{F052435A-8793-4F04-A590-3589BC8F04B9}.Release|Any CPU.ActiveCfg = Release|Any CPU
		{F052435A-8793-4F04-A590-3589BC8F04B9}.Release|Any CPU.Build.0 = Release|Any CPU
		{6CB73075-E086-44D7-B00E-53F8965730A3}.Debug|Any CPU.ActiveCfg = Debug|Any CPU
		{6CB73075-E086-44D7-B00E-53F8965730A3}.Debug|Any CPU.Build.0 = Debug|Any CPU
		{6CB73075-E086-44D7-B00E-53F8965730A3}.Release|Any CPU.ActiveCfg = Release|Any CPU
		{6CB73075-E086-44D7-B00E-53F8965730A3}.Release|Any CPU.Build.0 = Release|Any CPU
	EndGlobalSection
	GlobalSection(SolutionProperties) = preSolution
		HideSolutionNode = FALSE
	EndGlobalSection
	GlobalSection(ExtensibilityGlobals) = postSolution
		SolutionGuid = {CAB8AAB2-FBD5-4BD5-8488-CB6E2D223829}
	EndGlobalSection
EndGlobal
